
Microsoft Visual Studio Solution File, Format Version 12.00
# Visual Studio Version 16
VisualStudioVersion = 16.0.29324.140
MinimumVisualStudioVersion = 10.0.40219.1
Project("{FAE04EC0-301F-11D3-BF4B-00C04F79EFBC}") = "Recipes", "Recipes.csproj", "{430333B8-5EC9-4FFB-9CCA-88B41C221F0F}"
EndProject
Global
	GlobalSection(SolutionConfigurationPlatforms) = preSolution
		Debug|Any CPU = Debug|Any CPU
		Release|Any CPU = Release|Any CPU
	EndGlobalSection
	GlobalSection(ProjectConfigurationPlatforms) = postSolution
		{430333B8-5EC9-4FFB-9CCA-88B41C221F0F}.Debug|Any CPU.ActiveCfg = Debug|Any CPU
		{430333B8-5EC9-4FFB-9CCA-88B41C221F0F}.Debug|Any CPU.Build.0 = Debug|Any CPU
		{430333B8-5EC9-4FFB-9CCA-88B41C221F0F}.Release|Any CPU.ActiveCfg = Release|Any CPU
		{430333B8-5EC9-4FFB-9CCA-88B41C221F0F}.Release|Any CPU.Build.0 = Release|Any CPU
	EndGlobalSection
	GlobalSection(SolutionProperties) = preSolution
		HideSolutionNode = FALSE
	EndGlobalSection
	GlobalSection(ExtensibilityGlobals) = postSolution
		SolutionGuid = {22CC4390-7D09-4824-87DF-F03BEB847B00}
	EndGlobalSection
EndGlobal
